
Microsoft Visual Studio Solution File, Format Version 12.00
# Visual Studio Version 17
VisualStudioVersion = 17.14.37301.10
MinimumVisualStudioVersion = 10.0.40219.1
Project("{FAE04EC0-301F-11D3-BF4B-00C04F79EFBC}") = "AIResumeAnalyzer.API", "src\AIResumeAnalyzer.API\AIResumeAnalyzer.API.csproj", "{2920319A-3E3C-B3B4-6276-6FCDBFC62047}"
EndProject
Project("{FAE04EC0-301F-11D3-BF4B-00C04F79EFBC}") = "AIResumeAnalyzer.Application", "src\AIResumeAnalyzer.Application\AIResumeAnalyzer.Application.csproj", "{716671C7-C7A4-0566-E047-B070288DD6AA}"
EndProject
Project("{FAE04EC0-301F-11D3-BF4B-00C04F79EFBC}") = "AIResumeAnalyzer.Domain", "src\AIResumeAnalyzer.Domain\AIResumeAnalyzer.Domain.csproj", "{55E42D98-7E1D-8982-CB64-195F17BBA02D}"
EndProject
Project("{FAE04EC0-301F-11D3-BF4B-00C04F79EFBC}") = "AIResumeAnalyzer.Infrastructure", "src\AIResumeAnalyzer.Infrastructure\AIResumeAnalyzer.Infrastructure.csproj", "{8B936F37-8F0F-387D-7655-802CCBCBBAD3}"
EndProject
Project("{FAE04EC0-301F-11D3-BF4B-00C04F79EFBC}") = "AIResumeAnalyzer.Shared", "src\AIResumeAnalyzer.Shared\AIResumeAnalyzer.Shared.csproj", "{890B1286-F84D-6AE8-7FDD-602941345D26}"
EndProject
Global
	GlobalSection(SolutionConfigurationPlatforms) = preSolution
		Debug|Any CPU = Debug|Any CPU
		Release|Any CPU = Release|Any CPU
	EndGlobalSection
	GlobalSection(ProjectConfigurationPlatforms) = postSolution
		{2920319A-3E3C-B3B4-6276-6FCDBFC62047}.Debug|Any CPU.ActiveCfg = Debug|Any CPU
		{2920319A-3E3C-B3B4-6276-6FCDBFC62047}.Debug|Any CPU.Build.0 = Debug|Any CPU
		{2920319A-3E3C-B3B4-6276-6FCDBFC62047}.Release|Any CPU.ActiveCfg = Release|Any CPU
		{2920319A-3E3C-B3B4-6276-6FCDBFC62047}.Release|Any CPU.Build.0 = Release|Any CPU
		{716671C7-C7A4-0566-E047-B070288DD6AA}.Debug|Any CPU.ActiveCfg = Debug|Any CPU
		{716671C7-C7A4-0566-E047-B070288DD6AA}.Debug|Any CPU.Build.0 = Debug|Any CPU
		{716671C7-C7A4-0566-E047-B070288DD6AA}.Release|Any CPU.ActiveCfg = Release|Any CPU
		{716671C7-C7A4-0566-E047-B070288DD6AA}.Release|Any CPU.Build.0 = Release|Any CPU
		{55E42D98-7E1D-8982-CB64-195F17BBA02D}.Debug|Any CPU.ActiveCfg = Debug|Any CPU
		{55E42D98-7E1D-8982-CB64-195F17BBA02D}.Debug|Any CPU.Build.0 = Debug|Any CPU
		{55E42D98-7E1D-8982-CB64-195F17BBA02D}.Release|Any CPU.ActiveCfg = Release|Any CPU
		{55E42D98-7E1D-8982-CB64-195F17BBA02D}.Release|Any CPU.Build.0 = Release|Any CPU
		{8B936F37-8F0F-387D-7655-802CCBCBBAD3}.Debug|Any CPU.ActiveCfg = Debug|Any CPU
		{8B936F37-8F0F-387D-7655-802CCBCBBAD3}.Debug|Any CPU.Build.0 = Debug|Any CPU
		{8B936F37-8F0F-387D-7655-802CCBCBBAD3}.Release|Any CPU.ActiveCfg = Release|Any CPU
		{8B936F37-8F0F-387D-7655-802CCBCBBAD3}.Release|Any CPU.Build.0 = Release|Any CPU
		{890B1286-F84D-6AE8-7FDD-602941345D26}.Debug|Any CPU.ActiveCfg = Debug|Any CPU
		{890B1286-F84D-6AE8-7FDD-602941345D26}.Debug|Any CPU.Build.0 = Debug|Any CPU
		{890B1286-F84D-6AE8-7FDD-602941345D26}.Release|Any CPU.ActiveCfg = Release|Any CPU
		{890B1286-F84D-6AE8-7FDD-602941345D26}.Release|Any CPU.Build.0 = Release|Any CPU
	EndGlobalSection
	GlobalSection(SolutionProperties) = preSolution
		HideSolutionNode = FALSE
	EndGlobalSection
	GlobalSection(ExtensibilityGlobals) = postSolution
		SolutionGuid = {D7EDDB84-BCB2-444D-874D-387D82C2D8B9}
	EndGlobalSection
EndGlobal
